
Microsoft Visual Studio Solution File, Format Version 12.00
# Visual Studio Version 16
VisualStudioVersion = 25.0.1705.6
MinimumVisualStudioVersion = 10.0.40219.1
Project("{FAE04EC0-301F-11D3-BF4B-00C04F79EFBC}") = "sayı harf", "sayı harf\sayı harf.csproj", "{F891E95D-1457-4188-84A6-0D49C5D66F27}"
EndProject
Global
	GlobalSection(SolutionConfigurationPlatforms) = preSolution
		Debug|Any CPU = Debug|Any CPU
		Release|Any CPU = Release|Any CPU
	EndGlobalSection
	GlobalSection(ProjectConfigurationPlatforms) = postSolution
		{F891E95D-1457-4188-84A6-0D49C5D66F27}.Debug|Any CPU.ActiveCfg = Debug|Any CPU
		{F891E95D-1457-4188-84A6-0D49C5D66F27}.Debug|Any CPU.Build.0 = Debug|Any CPU
		{F891E95D-1457-4188-84A6-0D49C5D66F27}.Release|Any CPU.ActiveCfg = Release|Any CPU
		{F891E95D-1457-4188-84A6-0D49C5D66F27}.Release|Any CPU.Build.0 = Release|Any CPU
	EndGlobalSection
	GlobalSection(SolutionProperties) = preSolution
		HideSolutionNode = FALSE
	EndGlobalSection
	GlobalSection(ExtensibilityGlobals) = postSolution
		SolutionGuid = {3DE8122B-271E-4605-AF5F-81E77E92EFDA}
	EndGlobalSection
EndGlobal
